
Microsoft Visual Studio Solution File, Format Version 12.00
Project("{FAE04EC0-301F-11D3-BF4B-00C04F79EFBC}") = "Tomato.Kernel", "Tomato.Kernel\Tomato.Kernel.csproj", "{EF8B494A-9B9B-47FB-9D8D-E542035E3BB1}"
EndProject
Global
	GlobalSection(SolutionConfigurationPlatforms) = preSolution
		Debug|Any CPU = Debug|Any CPU
		Release|Any CPU = Release|Any CPU
	EndGlobalSection
	GlobalSection(ProjectConfigurationPlatforms) = postSolution
		{EF8B494A-9B9B-47FB-9D8D-E542035E3BB1}.Debug|Any CPU.ActiveCfg = Debug|Any CPU
		{EF8B494A-9B9B-47FB-9D8D-E542035E3BB1}.Debug|Any CPU.Build.0 = Debug|Any CPU
		{EF8B494A-9B9B-47FB-9D8D-E542035E3BB1}.Release|Any CPU.ActiveCfg = Release|Any CPU
		{EF8B494A-9B9B-47FB-9D8D-E542035E3BB1}.Release|Any CPU.Build.0 = Release|Any CPU
	EndGlobalSection
EndGlobal
