
Microsoft Visual Studio Solution File, Format Version 12.00
Project("{FAE04EC0-301F-11D3-BF4B-00C04F79EFBC}") = "Corelib", "Corelib\Corelib.csproj", "{8491812C-29FD-4DFF-9968-9C7D4C6591F0}"
EndProject
Global
	GlobalSection(SolutionConfigurationPlatforms) = preSolution
		Debug|Any CPU = Debug|Any CPU
		Release|Any CPU = Release|Any CPU
	EndGlobalSection
	GlobalSection(ProjectConfigurationPlatforms) = postSolution
		{8491812C-29FD-4DFF-9968-9C7D4C6591F0}.Debug|Any CPU.ActiveCfg = Debug|Any CPU
		{8491812C-29FD-4DFF-9968-9C7D4C6591F0}.Debug|Any CPU.Build.0 = Debug|Any CPU
		{8491812C-29FD-4DFF-9968-9C7D4C6591F0}.Release|Any CPU.ActiveCfg = Release|Any CPU
		{8491812C-29FD-4DFF-9968-9C7D4C6591F0}.Release|Any CPU.Build.0 = Release|Any CPU
	EndGlobalSection
EndGlobal
