
Microsoft Visual Studio Solution File, Format Version 12.00
#
Project("{FAE04EC0-301F-11D3-BF4B-00C04F79EFBC}") = "Tomato.Hal", "Tomato.Hal\Tomato.Hal.csproj", "{5A459D25-7BF2-46B5-A285-5EB979724D33}"
EndProject
Project("{FAE04EC0-301F-11D3-BF4B-00C04F79EFBC}") = "Tomato.Graphics", "Tomato.Graphics\Tomato.Graphics.csproj", "{C0F6349C-BCF5-4A3F-AAE5-EF1FCB6A8F95}"
EndProject
Project("{FAE04EC0-301F-11D3-BF4B-00C04F79EFBC}") = "Tomato.Terminal", "Tomato.Terminal\Tomato.Terminal.csproj", "{56585CEC-F1D8-4A89-B725-56100E79B015}"
EndProject
Project("{FAE04EC0-301F-11D3-BF4B-00C04F79EFBC}") = "Tomato.Drivers.Virtio", "Tomato.Drivers.Virtio\Tomato.Drivers.Virtio.csproj", "{9C1F15E5-8F65-44F9-95EB-417C7A7C21CF}"
EndProject
Project("{FAE04EC0-301F-11D3-BF4B-00C04F79EFBC}") = "Tomato.Drivers.Fat", "Tomato.Drivers.Fat\Tomato.Drivers.Fat.csproj", "{35C3C529-1129-430E-A009-C2E324CF088A}"
EndProject
Project("{2150E333-8FDC-42A3-9474-1A3956D46DE8}") = "Drivers", "Drivers", "{48F0906E-2ACB-490F-9EAC-5158AE6383B1}"
EndProject
Project("{2150E333-8FDC-42A3-9474-1A3956D46DE8}") = "Gui", "Gui", "{45144407-C777-4E45-BBC6-61EB7816289A}"
EndProject
Global
	GlobalSection(SolutionConfigurationPlatforms) = preSolution
		Debug|Any CPU = Debug|Any CPU
		Release|Any CPU = Release|Any CPU
	EndGlobalSection
	GlobalSection(ProjectConfigurationPlatforms) = postSolution
		{5A459D25-7BF2-46B5-A285-5EB979724D33}.Debug|Any CPU.ActiveCfg = Debug|Any CPU
		{5A459D25-7BF2-46B5-A285-5EB979724D33}.Debug|Any CPU.Build.0 = Debug|Any CPU
		{5A459D25-7BF2-46B5-A285-5EB979724D33}.Release|Any CPU.ActiveCfg = Release|Any CPU
		{5A459D25-7BF2-46B5-A285-5EB979724D33}.Release|Any CPU.Build.0 = Release|Any CPU
		{C0F6349C-BCF5-4A3F-AAE5-EF1FCB6A8F95}.Debug|Any CPU.ActiveCfg = Debug|Any CPU
		{C0F6349C-BCF5-4A3F-AAE5-EF1FCB6A8F95}.Debug|Any CPU.Build.0 = Debug|Any CPU
		{C0F6349C-BCF5-4A3F-AAE5-EF1FCB6A8F95}.Release|Any CPU.ActiveCfg = Release|Any CPU
		{C0F6349C-BCF5-4A3F-AAE5-EF1FCB6A8F95}.Release|Any CPU.Build.0 = Release|Any CPU
		{56585CEC-F1D8-4A89-B725-56100E79B015}.Debug|Any CPU.ActiveCfg = Debug|Any CPU
		{56585CEC-F1D8-4A89-B725-56100E79B015}.Debug|Any CPU.Build.0 = Debug|Any CPU
		{56585CEC-F1D8-4A89-B725-56100E79B015}.Release|Any CPU.ActiveCfg = Release|Any CPU
		{56585CEC-F1D8-4A89-B725-56100E79B015}.Release|Any CPU.Build.0 = Release|Any CPU
		{9C1F15E5-8F65-44F9-95EB-417C7A7C21CF}.Debug|Any CPU.ActiveCfg = Debug|Any CPU
		{9C1F15E5-8F65-44F9-95EB-417C7A7C21CF}.Debug|Any CPU.Build.0 = Debug|Any CPU
		{9C1F15E5-8F65-44F9-95EB-417C7A7C21CF}.Release|Any CPU.ActiveCfg = Release|Any CPU
		{9C1F15E5-8F65-44F9-95EB-417C7A7C21CF}.Release|Any CPU.Build.0 = Release|Any CPU
		{35C3C529-1129-430E-A009-C2E324CF088A}.Debug|Any CPU.ActiveCfg = Debug|Any CPU
		{35C3C529-1129-430E-A009-C2E324CF088A}.Debug|Any CPU.Build.0 = Debug|Any CPU
		{35C3C529-1129-430E-A009-C2E324CF088A}.Release|Any CPU.ActiveCfg = Release|Any CPU
		{35C3C529-1129-430E-A009-C2E324CF088A}.Release|Any CPU.Build.0 = Release|Any CPU
	EndGlobalSection
	GlobalSection(NestedProjects) = preSolution
		{35C3C529-1129-430E-A009-C2E324CF088A} = {48F0906E-2ACB-490F-9EAC-5158AE6383B1}
		{9C1F15E5-8F65-44F9-95EB-417C7A7C21CF} = {48F0906E-2ACB-490F-9EAC-5158AE6383B1}
		{5A459D25-7BF2-46B5-A285-5EB979724D33} = {48F0906E-2ACB-490F-9EAC-5158AE6383B1}
		{C0F6349C-BCF5-4A3F-AAE5-EF1FCB6A8F95} = {45144407-C777-4E45-BBC6-61EB7816289A}
	EndGlobalSection
EndGlobal
