
Microsoft Visual Studio Solution File, Format Version 12.00
Project("{FAE04EC0-301F-11D3-BF4B-00C04F79EFBC}") = "CoreLib", "CoreLib.csproj", "{D976A840-DF3B-4DE9-A8AC-FFA1C9394101}"
EndProject
Global
	GlobalSection(SolutionConfigurationPlatforms) = preSolution
		Debug|Any CPU = Debug|Any CPU
		Release|Any CPU = Release|Any CPU
	EndGlobalSection
	GlobalSection(ProjectConfigurationPlatforms) = postSolution
		{D976A840-DF3B-4DE9-A8AC-FFA1C9394101}.Debug|Any CPU.ActiveCfg = Debug|Any CPU
		{D976A840-DF3B-4DE9-A8AC-FFA1C9394101}.Debug|Any CPU.Build.0 = Debug|Any CPU
		{D976A840-DF3B-4DE9-A8AC-FFA1C9394101}.Release|Any CPU.ActiveCfg = Release|Any CPU
		{D976A840-DF3B-4DE9-A8AC-FFA1C9394101}.Release|Any CPU.Build.0 = Release|Any CPU
	EndGlobalSection
EndGlobal
